
Microsoft Visual Studio Solution File, Format Version 12.00
# Visual Studio Version 16
VisualStudioVersion = 16.0.31702.278
MinimumVisualStudioVersion = 10.0.40219.1
Project("{FAE04EC0-301F-11D3-BF4B-00C04F79EFBC}") = "Pizzeria", "Pizzeria\Pizzeria.csproj", "{895C0C5D-ADFE-4366-9D61-00D978B36CAD}"
EndProject
Project("{FAE04EC0-301F-11D3-BF4B-00C04F79EFBC}") = "PizzaLibrary", "PizzaLibrary\PizzaLibrary.csproj", "{C164671A-B350-4509-B5D1-256D67EE6D0C}"
EndProject
Global
	GlobalSection(SolutionConfigurationPlatforms) = preSolution
		Debug|Any CPU = Debug|Any CPU
		Release|Any CPU = Release|Any CPU
	EndGlobalSection
	GlobalSection(ProjectConfigurationPlatforms) = postSolution
		{895C0C5D-ADFE-4366-9D61-00D978B36CAD}.Debug|Any CPU.ActiveCfg = Debug|Any CPU
		{895C0C5D-ADFE-4366-9D61-00D978B36CAD}.Debug|Any CPU.Build.0 = Debug|Any CPU
		{895C0C5D-ADFE-4366-9D61-00D978B36CAD}.Release|Any CPU.ActiveCfg = Release|Any CPU
		{895C0C5D-ADFE-4366-9D61-00D978B36CAD}.Release|Any CPU.Build.0 = Release|Any CPU
		{C164671A-B350-4509-B5D1-256D67EE6D0C}.Debug|Any CPU.ActiveCfg = Debug|Any CPU
		{C164671A-B350-4509-B5D1-256D67EE6D0C}.Debug|Any CPU.Build.0 = Debug|Any CPU
		{C164671A-B350-4509-B5D1-256D67EE6D0C}.Release|Any CPU.ActiveCfg = Release|Any CPU
		{C164671A-B350-4509-B5D1-256D67EE6D0C}.Release|Any CPU.Build.0 = Release|Any CPU
	EndGlobalSection
	GlobalSection(SolutionProperties) = preSolution
		HideSolutionNode = FALSE
	EndGlobalSection
	GlobalSection(ExtensibilityGlobals) = postSolution
		SolutionGuid = {18448E7F-C20A-452C-82C9-11D98C261D24}
	EndGlobalSection
EndGlobal
